{
  "lockfileVersion": 1,
  "workspaces": {
    "": {
      "name": "backend",
      "dependencies": {
        "@elysiajs/cors": "^1.0.2",
        "@elysiajs/jwt": "^1.0.2",
        "@elysiajs/swagger": "^1.0.3",
        "@node-rs/bcrypt": "^1.7.3",
        "elysia": "1.2.25",
        "pino": "^9.7.0",
        "pino-pretty": "^13.0.0",
        "uuid": "^11.1.0",
        "zod": "^3.23.8",
      },
      "devDependencies": {
        "@types/bun": "latest",
        "@types/uuid": "^10.0.0",
      },
      "peerDependencies": {
        "typescript": "^5.8.3",
      },
    },
  },
  "packages": {
    "@elysiajs/cors": ["@elysiajs/cors@1.2.0", "", { "peerDependencies": { "elysia": ">= 1.2.0" } }, "sha512-qsJwDAg6WfdQRMfj6uSMcDPSpXvm/zQFeAX1uuJXhIgazH8itSfcDxcH9pMuXVRX1yQNi2pPwNQLJmAcw5mzvw=="],

    "@elysiajs/jwt": ["@elysiajs/jwt@1.2.0", "", { "dependencies": { "jose": "^4.14.4" }, "peerDependencies": { "elysia": ">= 1.2.0" } }, "sha512-5iMoZucIKNAqPKW3n6RBIyCnDWG3kOcqA4WZKtqEff+IjV6AN3dlMSE2XsS0xjIvusLD0UBXS8cxQ9NwIcj6ew=="],

    "@elysiajs/swagger": ["@elysiajs/swagger@1.2.2", "", { "dependencies": { "@scalar/themes": "^0.9.52", "@scalar/types": "^0.0.12", "openapi-types": "^12.1.3", "pathe": "^1.1.2" }, "peerDependencies": { "elysia": ">= 1.2.0" } }, "sha512-DG0PbX/wzQNQ6kIpFFPCvmkkWTIbNWDS7lVLv3Puy6ONklF14B4NnbDfpYjX1hdSYKeCqKBBOuenh6jKm8tbYA=="],

    "@emnapi/core": ["@emnapi/core@1.3.1", "", { "dependencies": { "@emnapi/wasi-threads": "1.0.1", "tslib": "^2.4.0" } }, "sha512-pVGjBIt1Y6gg3EJN8jTcfpP/+uuRksIo055oE/OBkDNcjZqVbfkWCksG1Jp4yZnj3iKWyWX8fdG/j6UDYPbFog=="],

    "@emnapi/runtime": ["@emnapi/runtime@1.3.1", "", { "dependencies": { "tslib": "^2.4.0" } }, "sha512-kEBmG8KyqtxJZv+ygbEim+KCGtIq1fC22Ms3S4ziXmYKm8uyoLX0MHONVKwp+9opg390VaKRNt4a7A9NwmpNhw=="],

    "@emnapi/wasi-threads": ["@emnapi/wasi-threads@1.0.1", "", { "dependencies": { "tslib": "^2.4.0" } }, "sha512-iIBu7mwkq4UQGeMEM8bLwNK962nXdhodeScX4slfQnRhEMMzvYivHhutCIk8uojvmASXXPC2WNEjwxFWk72Oqw=="],

    "@napi-rs/wasm-runtime": ["@napi-rs/wasm-runtime@0.2.6", "", { "dependencies": { "@emnapi/core": "^1.3.1", "@emnapi/runtime": "^1.3.1", "@tybys/wasm-util": "^0.9.0" } }, "sha512-z8YVS3XszxFTO73iwvFDNpQIzdMmSDTP/mB3E/ucR37V3Sx57hSExcXyMoNwaucWxnsWf4xfbZv0iZ30jr0M4Q=="],

    "@node-rs/bcrypt": ["@node-rs/bcrypt@1.10.7", "", { "optionalDependencies": { "@node-rs/bcrypt-android-arm-eabi": "1.10.7", "@node-rs/bcrypt-android-arm64": "1.10.7", "@node-rs/bcrypt-darwin-arm64": "1.10.7", "@node-rs/bcrypt-darwin-x64": "1.10.7", "@node-rs/bcrypt-freebsd-x64": "1.10.7", "@node-rs/bcrypt-linux-arm-gnueabihf": "1.10.7", "@node-rs/bcrypt-linux-arm64-gnu": "1.10.7", "@node-rs/bcrypt-linux-arm64-musl": "1.10.7", "@node-rs/bcrypt-linux-x64-gnu": "1.10.7", "@node-rs/bcrypt-linux-x64-musl": "1.10.7", "@node-rs/bcrypt-wasm32-wasi": "1.10.7", "@node-rs/bcrypt-win32-arm64-msvc": "1.10.7", "@node-rs/bcrypt-win32-ia32-msvc": "1.10.7", "@node-rs/bcrypt-win32-x64-msvc": "1.10.7" } }, "sha512-1wk0gHsUQC/ap0j6SJa2K34qNhomxXRcEe3T8cI5s+g6fgHBgLTN7U9LzWTG/HE6G4+2tWWLeCabk1wiYGEQSA=="],

    "@node-rs/bcrypt-android-arm-eabi": ["@node-rs/bcrypt-android-arm-eabi@1.10.7", "", { "os": "android", "cpu": "arm" }, "sha512-8dO6/PcbeMZXS3VXGEtct9pDYdShp2WBOWlDvSbcRwVqyB580aCBh0BEFmKYtXLzLvUK8Wf+CG3U6sCdILW1lA=="],

    "@node-rs/bcrypt-android-arm64": ["@node-rs/bcrypt-android-arm64@1.10.7", "", { "os": "android", "cpu": "arm64" }, "sha512-UASFBS/CucEMHiCtL/2YYsAY01ZqVR1N7vSb94EOvG5iwW7BQO06kXXCTgj+Xbek9azxixrCUmo3WJnkJZ0hTQ=="],

    "@node-rs/bcrypt-darwin-arm64": ["@node-rs/bcrypt-darwin-arm64@1.10.7", "", { "os": "darwin", "cpu": "arm64" }, "sha512-DgzFdAt455KTuiJ/zYIyJcKFobjNDR/hnf9OS7pK5NRS13Nq4gLcSIIyzsgHwZHxsJWbLpHmFc1H23Y7IQoQBw=="],

    "@node-rs/bcrypt-darwin-x64": ["@node-rs/bcrypt-darwin-x64@1.10.7", "", { "os": "darwin", "cpu": "x64" }, "sha512-SPWVfQ6sxSokoUWAKWD0EJauvPHqOGQTd7CxmYatcsUgJ/bruvEHxZ4bIwX1iDceC3FkOtmeHO0cPwR480n/xA=="],

    "@node-rs/bcrypt-freebsd-x64": ["@node-rs/bcrypt-freebsd-x64@1.10.7", "", { "os": "freebsd", "cpu": "x64" }, "sha512-gpa+Ixs6GwEx6U6ehBpsQetzUpuAGuAFbOiuLB2oo4N58yU4AZz1VIcWyWAHrSWRs92O0SHtmo2YPrMrwfBbSw=="],

    "@node-rs/bcrypt-linux-arm-gnueabihf": ["@node-rs/bcrypt-linux-arm-gnueabihf@1.10.7", "", { "os": "linux", "cpu": "arm" }, "sha512-kYgJnTnpxrzl9sxYqzflobvMp90qoAlaX1oDL7nhNTj8OYJVDIk0jQgblj0bIkjmoPbBed53OJY/iu4uTS+wig=="],

    "@node-rs/bcrypt-linux-arm64-gnu": ["@node-rs/bcrypt-linux-arm64-gnu@1.10.7", "", { "os": "linux", "cpu": "arm64" }, "sha512-7cEkK2RA+gBCj2tCVEI1rDSJV40oLbSq7bQ+PNMHNI6jCoXGmj9Uzo7mg7ZRbNZ7piIyNH5zlJqutjo8hh/tmA=="],

    "@node-rs/bcrypt-linux-arm64-musl": ["@node-rs/bcrypt-linux-arm64-musl@1.10.7", "", { "os": "linux", "cpu": "arm64" }, "sha512-X7DRVjshhwxUqzdUKDlF55cwzh+wqWJ2E/tILvZPboO3xaNO07Um568Vf+8cmKcz+tiZCGP7CBmKbBqjvKN/Pw=="],

    "@node-rs/bcrypt-linux-x64-gnu": ["@node-rs/bcrypt-linux-x64-gnu@1.10.7", "", { "os": "linux", "cpu": "x64" }, "sha512-LXRZsvG65NggPD12hn6YxVgH0W3VR5fsE/o1/o2D5X0nxKcNQGeLWnRzs5cP8KpoFOuk1ilctXQJn8/wq+Gn/Q=="],

    "@node-rs/bcrypt-linux-x64-musl": ["@node-rs/bcrypt-linux-x64-musl@1.10.7", "", { "os": "linux", "cpu": "x64" }, "sha512-tCjHmct79OfcO3g5q21ME7CNzLzpw1MAsUXCLHLGWH+V6pp/xTvMbIcLwzkDj6TI3mxK6kehTn40SEjBkZ3Rog=="],

    "@node-rs/bcrypt-wasm32-wasi": ["@node-rs/bcrypt-wasm32-wasi@1.10.7", "", { "dependencies": { "@napi-rs/wasm-runtime": "^0.2.5" }, "cpu": "none" }, "sha512-4qXSihIKeVXYglfXZEq/QPtYtBUvR8d3S85k15Lilv3z5B6NSGQ9mYiNleZ7QHVLN2gEc5gmi7jM353DMH9GkA=="],

    "@node-rs/bcrypt-win32-arm64-msvc": ["@node-rs/bcrypt-win32-arm64-msvc@1.10.7", "", { "os": "win32", "cpu": "arm64" }, "sha512-FdfUQrqmDfvC5jFhntMBkk8EI+fCJTx/I1v7Rj+Ezlr9rez1j1FmuUnywbBj2Cg15/0BDhwYdbyZ5GCMFli2aQ=="],

    "@node-rs/bcrypt-win32-ia32-msvc": ["@node-rs/bcrypt-win32-ia32-msvc@1.10.7", "", { "os": "win32", "cpu": "ia32" }, "sha512-lZLf4Cx+bShIhU071p5BZft4OvP4PGhyp542EEsb3zk34U5GLsGIyCjOafcF/2DGewZL6u8/aqoxbSuROkgFXg=="],

    "@node-rs/bcrypt-win32-x64-msvc": ["@node-rs/bcrypt-win32-x64-msvc@1.10.7", "", { "os": "win32", "cpu": "x64" }, "sha512-hdw7tGmN1DxVAMTzICLdaHpXjy+4rxaxnBMgI8seG1JL5e3VcRGsd1/1vVDogVp2cbsmgq+6d6yAY+D9lW/DCg=="],

    "@scalar/openapi-types": ["@scalar/openapi-types@0.1.1", "", {}, "sha512-NMy3QNk6ytcCoPUGJH0t4NNr36OWXgZhA3ormr3TvhX1NDgoF95wFyodGVH8xiHeUyn2/FxtETm8UBLbB5xEmg=="],

    "@scalar/themes": ["@scalar/themes@0.9.82", "", { "dependencies": { "@scalar/types": "0.1.4" } }, "sha512-VbzDVyF6yQMeqsr9nj+twyMXmO5k0AEmL6Zsjf3alzOAMuiN4ee5Hcssd7XE44cnUrHiwm1i578bU6949N+7lQ=="],

    "@scalar/types": ["@scalar/types@0.0.12", "", { "dependencies": { "@scalar/openapi-types": "0.1.1", "@unhead/schema": "^1.9.5" } }, "sha512-XYZ36lSEx87i4gDqopQlGCOkdIITHHEvgkuJFrXFATQs9zHARop0PN0g4RZYWj+ZpCUclOcaOjbCt8JGe22mnQ=="],

    "@sinclair/typebox": ["@sinclair/typebox@0.34.31", "", {}, "sha512-qQ71T9DsITbX3dVCrcBERbs11YuSMg3wZPnT472JhqhWGPdiLgyvihJXU8m+ADJtJvRdjATIiACJD22dEknBrQ=="],

    "@tybys/wasm-util": ["@tybys/wasm-util@0.9.0", "", { "dependencies": { "tslib": "^2.4.0" } }, "sha512-6+7nlbMVX/PVDCwaIQ8nTOPveOcFLSt8GcXdx8hD0bt39uWxYT88uXzqTd4fTvqta7oeUJqudepapKNt2DYJFw=="],

    "@types/bun": ["@types/bun@1.2.0", "", { "dependencies": { "bun-types": "1.2.0" } }, "sha512-5N1JqdahfpBlAv4wy6svEYcd/YfO2GNrbL95JOmFx8nkE6dbK4R0oSE5SpBA4vBRqgrOUAXF8Dpiz+gi7r80SA=="],

    "@types/node": ["@types/node@22.10.10", "", { "dependencies": { "undici-types": "~6.20.0" } }, "sha512-X47y/mPNzxviAGY5TcYPtYL8JsY3kAq2n8fMmKoRCxq/c4v4pyGNCzM2R6+M5/umG4ZfHuT+sgqDYqWc9rJ6ww=="],

    "@types/uuid": ["@types/uuid@10.0.0", "", {}, "sha512-7gqG38EyHgyP1S+7+xomFtL+ZNHcKv6DwNaCZmJmo1vgMugyF3TCnXVg4t1uk89mLNwnLtnY3TpOpCOyp1/xHQ=="],

    "@types/ws": ["@types/ws@8.5.14", "", { "dependencies": { "@types/node": "*" } }, "sha512-bd/YFLW+URhBzMXurx7lWByOu+xzU9+kb3RboOteXYDfW+tr+JZa99OyNmPINEGB/ahzKrEuc8rcv4gnpJmxTw=="],

    "@unhead/schema": ["@unhead/schema@1.11.20", "", { "dependencies": { "hookable": "^5.5.3", "zhead": "^2.2.4" } }, "sha512-0zWykKAaJdm+/Y7yi/Yds20PrUK7XabLe9c3IRcjnwYmSWY6z0Cr19VIs3ozCj8P+GhR+/TI2mwtGlueCEYouA=="],

    "atomic-sleep": ["atomic-sleep@1.0.0", "", {}, "sha512-kNOjDqAh7px0XWNI+4QbzoiR/nTkHAWNud2uvnJquD1/x5a7EQZMJT0AczqK0Qn67oY/TTQ1LbUKajZpp3I9tQ=="],

    "bun-types": ["bun-types@1.2.0", "", { "dependencies": { "@types/node": "*", "@types/ws": "~8.5.10" } }, "sha512-KEaJxyZfbV/c4eyG0vyehDpYmBGreNiQbZIqvVHJwZ4BmeuWlNZ7EAzMN2Zcd7ailmS/tGVW0BgYbGf+lGEpWw=="],

    "colorette": ["colorette@2.0.20", "", {}, "sha512-IfEDxwoWIjkeXL1eXcDiow4UbKjhLdq6/EuSVR9GMN7KVH3r9gQ83e73hsz1Nd1T3ijd5xv1wcWRYO+D6kCI2w=="],

    "cookie": ["cookie@1.0.2", "", {}, "sha512-9Kr/j4O16ISv8zBBhJoi4bXOYNTkFLOqSL3UDB0njXxCXNezjeyVrJyGOWtgfs/q2km1gwBcfH8q1yEGoMYunA=="],

    "dateformat": ["dateformat@4.6.3", "", {}, "sha512-2P0p0pFGzHS5EMnhdxQi7aJN+iMheud0UhG4dlE1DLAlvL8JHjJJTX/CSm4JXwV0Ka5nGk3zC5mcb5bUQUxxMA=="],

    "elysia": ["elysia@1.2.25", "", { "dependencies": { "@sinclair/typebox": "^0.34.27", "cookie": "^1.0.2", "memoirist": "^0.3.0", "openapi-types": "^12.1.3" }, "peerDependencies": { "typescript": ">= 5.0.0" }, "optionalPeers": ["typescript"] }, "sha512-WsdQpORJvb4uszzeqYT0lg97knw1iBW1NTzJ1Jm57tiHg+DfAotlWXYbjmvQ039ssV0fYELDHinLLoUazZkEHg=="],

    "end-of-stream": ["end-of-stream@1.4.5", "", { "dependencies": { "once": "^1.4.0" } }, "sha512-ooEGc6HP26xXq/N+GCGOT0JKCLDGrq2bQUZrQ7gyrJiZANJ/8YDTxTpQBXGMn+WbIQXNVpyWymm7KYVICQnyOg=="],

    "fast-copy": ["fast-copy@3.0.2", "", {}, "sha512-dl0O9Vhju8IrcLndv2eU4ldt1ftXMqqfgN4H1cpmGV7P6jeB9FwpN9a2c8DPGE1Ys88rNUJVYDHq73CGAGOPfQ=="],

    "fast-redact": ["fast-redact@3.5.0", "", {}, "sha512-dwsoQlS7h9hMeYUq1W++23NDcBLV4KqONnITDV9DjfS3q1SgDGVrBdvvTLUotWtPSD7asWDV9/CmsZPy8Hf70A=="],

    "fast-safe-stringify": ["fast-safe-stringify@2.1.1", "", {}, "sha512-W+KJc2dmILlPplD/H4K9l9LcAHAfPtP6BY84uVLXQ6Evcz9Lcg33Y2z1IVblT6xdY54PXYVHEv+0Wpq8Io6zkA=="],

    "help-me": ["help-me@5.0.0", "", {}, "sha512-7xgomUX6ADmcYzFik0HzAxh/73YlKR9bmFzf51CZwR+b6YtzU2m0u49hQCqV6SvlqIqsaxovfwdvbnsw3b/zpg=="],

    "hookable": ["hookable@5.5.3", "", {}, "sha512-Yc+BQe8SvoXH1643Qez1zqLRmbA5rCL+sSmk6TVos0LWVfNIB7PGncdlId77WzLGSIB5KaWgTaNTs2lNVEI6VQ=="],

    "jose": ["jose@4.15.9", "", {}, "sha512-1vUQX+IdDMVPj4k8kOxgUqlcK518yluMuGZwqlr44FS1ppZB/5GWh4rZG89erpOBOJjU/OBsnCVFfapsRz6nEA=="],

    "joycon": ["joycon@3.1.1", "", {}, "sha512-34wB/Y7MW7bzjKRjUKTa46I2Z7eV62Rkhva+KkopW7Qvv/OSWBqvkSY7vusOPrNuZcUG3tApvdVgNB8POj3SPw=="],

    "memoirist": ["memoirist@0.3.0", "", {}, "sha512-wR+4chMgVPq+T6OOsk40u9Wlpw1Pjx66NMNiYxCQQ4EUJ7jDs3D9kTCeKdBOkvAiqXlHLVJlvYL01PvIJ1MPNg=="],

    "minimist": ["minimist@1.2.8", "", {}, "sha512-2yyAR8qBkN3YuheJanUpWC5U3bb5osDywNB8RzDVlDwDHbocAJveqqj1u8+SVD7jkWT4yvsHCpWqqWqAxb0zCA=="],

    "nanoid": ["nanoid@5.1.5", "", { "bin": { "nanoid": "bin/nanoid.js" } }, "sha512-Ir/+ZpE9fDsNH0hQ3C68uyThDXzYcim2EqcZ8zn8Chtt1iylPT9xXJB0kPCnqzgcEGikO9RxSrh63MsmVCU7Fw=="],

    "on-exit-leak-free": ["on-exit-leak-free@2.1.2", "", {}, "sha512-0eJJY6hXLGf1udHwfNftBqH+g73EU4B504nZeKpz1sYRKafAghwxEJunB2O7rDZkL4PGfsMVnTXZ2EjibbqcsA=="],

    "once": ["once@1.4.0", "", { "dependencies": { "wrappy": "1" } }, "sha512-lNaJgI+2Q5URQBkccEKHTQOPaXdUxnZZElQTZY0MFUAuaEqe1E+Nyvgdz/aIyNi6Z9MzO5dv1H8n58/GELp3+w=="],

    "openapi-types": ["openapi-types@12.1.3", "", {}, "sha512-N4YtSYJqghVu4iek2ZUvcN/0aqH1kRDuNqzcycDxhOUpg7GdvLa2F3DgS6yBNhInhv2r/6I0Flkn7CqL8+nIcw=="],

    "pathe": ["pathe@1.1.2", "", {}, "sha512-whLdWMYL2TwI08hn8/ZqAbrVemu0LNaNNJZX73O6qaIdCTfXutsLhMkjdENX0qhsQ9uIimo4/aQOmXkoon2nDQ=="],

    "pino": ["pino@9.7.0", "", { "dependencies": { "atomic-sleep": "^1.0.0", "fast-redact": "^3.1.1", "on-exit-leak-free": "^2.1.0", "pino-abstract-transport": "^2.0.0", "pino-std-serializers": "^7.0.0", "process-warning": "^5.0.0", "quick-format-unescaped": "^4.0.3", "real-require": "^0.2.0", "safe-stable-stringify": "^2.3.1", "sonic-boom": "^4.0.1", "thread-stream": "^3.0.0" }, "bin": { "pino": "bin.js" } }, "sha512-vnMCM6xZTb1WDmLvtG2lE/2p+t9hDEIvTWJsu6FejkE62vB7gDhvzrpFR4Cw2to+9JNQxVnkAKVPA1KPB98vWg=="],

    "pino-abstract-transport": ["pino-abstract-transport@2.0.0", "", { "dependencies": { "split2": "^4.0.0" } }, "sha512-F63x5tizV6WCh4R6RHyi2Ml+M70DNRXt/+HANowMflpgGFMAym/VKm6G7ZOQRjqN7XbGxK1Lg9t6ZrtzOaivMw=="],

    "pino-pretty": ["pino-pretty@13.0.0", "", { "dependencies": { "colorette": "^2.0.7", "dateformat": "^4.6.3", "fast-copy": "^3.0.2", "fast-safe-stringify": "^2.1.1", "help-me": "^5.0.0", "joycon": "^3.1.1", "minimist": "^1.2.6", "on-exit-leak-free": "^2.1.0", "pino-abstract-transport": "^2.0.0", "pump": "^3.0.0", "secure-json-parse": "^2.4.0", "sonic-boom": "^4.0.1", "strip-json-comments": "^3.1.1" }, "bin": { "pino-pretty": "bin.js" } }, "sha512-cQBBIVG3YajgoUjo1FdKVRX6t9XPxwB9lcNJVD5GCnNM4Y6T12YYx8c6zEejxQsU0wrg9TwmDulcE9LR7qcJqA=="],

    "pino-std-serializers": ["pino-std-serializers@7.0.0", "", {}, "sha512-e906FRY0+tV27iq4juKzSYPbUj2do2X2JX4EzSca1631EB2QJQUqGbDuERal7LCtOpxl6x3+nvo9NPZcmjkiFA=="],

    "process-warning": ["process-warning@5.0.0", "", {}, "sha512-a39t9ApHNx2L4+HBnQKqxxHNs1r7KF+Intd8Q/g1bUh6q0WIp9voPXJ/x0j+ZL45KF1pJd9+q2jLIRMfvEshkA=="],

    "pump": ["pump@3.0.3", "", { "dependencies": { "end-of-stream": "^1.1.0", "once": "^1.3.1" } }, "sha512-todwxLMY7/heScKmntwQG8CXVkWUOdYxIvY2s0VWAAMh/nd8SoYiRaKjlr7+iCs984f2P8zvrfWcDDYVb73NfA=="],

    "quick-format-unescaped": ["quick-format-unescaped@4.0.4", "", {}, "sha512-tYC1Q1hgyRuHgloV/YXs2w15unPVh8qfu/qCTfhTYamaw7fyhumKa2yGpdSo87vY32rIclj+4fWYQXUMs9EHvg=="],

    "real-require": ["real-require@0.2.0", "", {}, "sha512-57frrGM/OCTLqLOAh0mhVA9VBMHd+9U7Zb2THMGdBUoZVOtGbJzjxsYGDJ3A9AYYCP4hn6y1TVbaOfzWtm5GFg=="],

    "safe-stable-stringify": ["safe-stable-stringify@2.5.0", "", {}, "sha512-b3rppTKm9T+PsVCBEOUR46GWI7fdOs00VKZ1+9c1EWDaDMvjQc6tUwuFyIprgGgTcWoVHSKrU8H31ZHA2e0RHA=="],

    "secure-json-parse": ["secure-json-parse@2.7.0", "", {}, "sha512-6aU+Rwsezw7VR8/nyvKTx8QpWH9FrcYiXXlqC4z5d5XQBDRqtbfsRjnwGyqbi3gddNtWHuEk9OANUotL26qKUw=="],

    "sonic-boom": ["sonic-boom@4.2.0", "", { "dependencies": { "atomic-sleep": "^1.0.0" } }, "sha512-INb7TM37/mAcsGmc9hyyI6+QR3rR1zVRu36B0NeGXKnOOLiZOfER5SA+N7X7k3yUYRzLWafduTDvJAfDswwEww=="],

    "split2": ["split2@4.2.0", "", {}, "sha512-UcjcJOWknrNkF6PLX83qcHM6KHgVKNkV62Y8a5uYDVv9ydGQVwAHMKqHdJje1VTWpljG0WYpCDhrCdAOYH4TWg=="],

    "strip-json-comments": ["strip-json-comments@3.1.1", "", {}, "sha512-6fPc+R4ihwqP6N/aIv2f1gMH8lOVtWQHoqC4yK6oSDVVocumAsfCqjkXnqiYMhmMwS/mEHLp7Vehlt3ql6lEig=="],

    "thread-stream": ["thread-stream@3.1.0", "", { "dependencies": { "real-require": "^0.2.0" } }, "sha512-OqyPZ9u96VohAyMfJykzmivOrY2wfMSf3C5TtFJVgN+Hm6aj+voFhlK+kZEIv2FBh1X6Xp3DlnCOfEQ3B2J86A=="],

    "tslib": ["tslib@2.8.1", "", {}, "sha512-oJFu94HQb+KVduSUQL7wnpmqnfmLsOA/nAh6b6EH0wCEoK0/mPeXU6c3wKDV83MkOuHPRHtSXKKU99IBazS/2w=="],

    "type-fest": ["type-fest@4.38.0", "", {}, "sha512-2dBz5D5ycHIoliLYLi0Q2V7KRaDlH0uWIvmk7TYlAg5slqwiPv1ezJdZm1QEM0xgk29oYWMCbIG7E6gHpvChlg=="],

    "typescript": ["typescript@5.8.3", "", { "bin": { "tsc": "bin/tsc", "tsserver": "bin/tsserver" } }, "sha512-p1diW6TqL9L07nNxvRMM7hMMw4c5XOo/1ibL4aAIGmSAt9slTE1Xgw5KWuof2uTOvCg9BY7ZRi+GaF+7sfgPeQ=="],

    "undici-types": ["undici-types@6.20.0", "", {}, "sha512-Ny6QZ2Nju20vw1SRHe3d9jVu6gJ+4e3+MMpqu7pqE5HT6WsTSlce++GQmK5UXS8mzV8DSYHrQH+Xrf2jVcuKNg=="],

    "uuid": ["uuid@11.1.0", "", { "bin": { "uuid": "dist/esm/bin/uuid" } }, "sha512-0/A9rDy9P7cJ+8w1c9WD9V//9Wj15Ce2MPz8Ri6032usz+NfePxx5AcN3bN+r6ZL6jEo066/yNYB3tn4pQEx+A=="],

    "wrappy": ["wrappy@1.0.2", "", {}, "sha512-l4Sp/DRseor9wL6EvV2+TuQn63dMkPjZ/sp9XkghTEbV9KlPS1xUsZ3u7/IQO4wxtcFB4bgpQPRcR3QCvezPcQ=="],

    "zhead": ["zhead@2.2.4", "", {}, "sha512-8F0OI5dpWIA5IGG5NHUg9staDwz/ZPxZtvGVf01j7vHqSyZ0raHY+78atOVxRqb73AotX22uV1pXt3gYSstGag=="],

    "zod": ["zod@3.24.2", "", {}, "sha512-lY7CDW43ECgW9u1TcT3IoXHflywfVqDYze4waEz812jR/bZ8FHDsl7pFQoSZTz5N+2NqRXs8GBwnAwo3ZNxqhQ=="],

    "@scalar/themes/@scalar/types": ["@scalar/types@0.1.4", "", { "dependencies": { "@scalar/openapi-types": "0.1.9", "@unhead/schema": "^1.11.11", "nanoid": "^5.1.5", "type-fest": "^4.20.0", "zod": "^3.23.8" } }, "sha512-IAxpfrfdYfliLJR6WbuC8hxUwBUOeVsGuZxQE+zP8JDtdoHmgT6aNxCqMnGZ1ft6dvJ4jvzVR6qCWrq6Kg25oA=="],

    "@scalar/themes/@scalar/types/@scalar/openapi-types": ["@scalar/openapi-types@0.1.9", "", {}, "sha512-HQQudOSQBU7ewzfnBW9LhDmBE2XOJgSfwrh5PlUB7zJup/kaRkBGNgV2wMjNz9Af/uztiU/xNrO179FysmUT+g=="],
  }
}
